
Microsoft Visual Studio Solution File, Format Version 12.00
# Visual Studio Version 16
VisualStudioVersion = 16.0.29728.190
MinimumVisualStudioVersion = 10.0.40219.1
Project("{9A19103F-16F7-4668-BE54-9A1E7A4F7556}") = "EFCore_CodeFirstExistingDB", ",", "{FD1419C9-CFC0-4D98-89F1-ED428010E487}"
EndProject
Project("{9A19103F-16F7-4668-BE54-9A1E7A4F7556}") = "EFCore_CodeFirstExistingDB", "EFCore_CodeFirstExistingDB\EFCore_CodeFirstExistingDB.csproj", "{D051B5E8-D977-4B32-BC2C-55D141454645}"
EndProject
Global
	GlobalSection(SolutionConfigurationPlatforms) = preSolution
		Debug|Any CPU = Debug|Any CPU
		Release|Any CPU = Release|Any CPU
	EndGlobalSection
	GlobalSection(ProjectConfigurationPlatforms) = postSolution
		{FD1419C9-CFC0-4D98-89F1-ED428010E487}.Debug|Any CPU.ActiveCfg = Debug|Any CPU
		{FD1419C9-CFC0-4D98-89F1-ED428010E487}.Debug|Any CPU.Build.0 = Debug|Any CPU
		{FD1419C9-CFC0-4D98-89F1-ED428010E487}.Release|Any CPU.ActiveCfg = Release|Any CPU
		{FD1419C9-CFC0-4D98-89F1-ED428010E487}.Release|Any CPU.Build.0 = Release|Any CPU
		{D051B5E8-D977-4B32-BC2C-55D141454645}.Debug|Any CPU.ActiveCfg = Debug|Any CPU
		{D051B5E8-D977-4B32-BC2C-55D141454645}.Debug|Any CPU.Build.0 = Debug|Any CPU
		{D051B5E8-D977-4B32-BC2C-55D141454645}.Release|Any CPU.ActiveCfg = Release|Any CPU
		{D051B5E8-D977-4B32-BC2C-55D141454645}.Release|Any CPU.Build.0 = Release|Any CPU
	EndGlobalSection
	GlobalSection(SolutionProperties) = preSolution
		HideSolutionNode = FALSE
	EndGlobalSection
	GlobalSection(ExtensibilityGlobals) = postSolution
		SolutionGuid = {E11F2A3C-EDE3-45FC-A3EE-8FE38283A544}
	EndGlobalSection
EndGlobal
