
Microsoft Visual Studio Solution File, Format Version 12.00
# Visual Studio Version 16
VisualStudioVersion = 16.0.29613.14
MinimumVisualStudioVersion = 10.0.40219.1
Project("{9A19103F-16F7-4668-BE54-9A1E7A4F7556}") = "CoreMvc3_Chartjs", "CoreMvc3_Chartjs\CoreMvc3_Chartjs.csproj", "{6E024719-02E0-4A23-9E72-A79B72DDF709}"
EndProject
Global
	GlobalSection(SolutionConfigurationPlatforms) = preSolution
		Debug|Any CPU = Debug|Any CPU
		Release|Any CPU = Release|Any CPU
	EndGlobalSection
	GlobalSection(ProjectConfigurationPlatforms) = postSolution
		{6E024719-02E0-4A23-9E72-A79B72DDF709}.Debug|Any CPU.ActiveCfg = Debug|Any CPU
		{6E024719-02E0-4A23-9E72-A79B72DDF709}.Debug|Any CPU.Build.0 = Debug|Any CPU
		{6E024719-02E0-4A23-9E72-A79B72DDF709}.Release|Any CPU.ActiveCfg = Release|Any CPU
		{6E024719-02E0-4A23-9E72-A79B72DDF709}.Release|Any CPU.Build.0 = Release|Any CPU
	EndGlobalSection
	GlobalSection(SolutionProperties) = preSolution
		HideSolutionNode = FALSE
	EndGlobalSection
	GlobalSection(ExtensibilityGlobals) = postSolution
		SolutionGuid = {383F5933-CA0E-4D55-83ED-AA8D8A71F153}
	EndGlobalSection
EndGlobal
