
Microsoft Visual Studio Solution File, Format Version 12.00
# Visual Studio Version 16
VisualStudioVersion = 16.0.29318.209
MinimumVisualStudioVersion = 10.0.40219.1
Project("{FAE04EC0-301F-11D3-BF4B-00C04F79EFBC}") = "CoreMvc3_DependencyInjection", "CoreMvc3_DependencyInjection\CoreMvc3_DependencyInjection.csproj", "{306211BB-B7EA-4A5E-99CE-EFF1A9528643}"
EndProject
Global
	GlobalSection(SolutionConfigurationPlatforms) = preSolution
		Debug|Any CPU = Debug|Any CPU
		Release|Any CPU = Release|Any CPU
	EndGlobalSection
	GlobalSection(ProjectConfigurationPlatforms) = postSolution
		{306211BB-B7EA-4A5E-99CE-EFF1A9528643}.Debug|Any CPU.ActiveCfg = Debug|Any CPU
		{306211BB-B7EA-4A5E-99CE-EFF1A9528643}.Debug|Any CPU.Build.0 = Debug|Any CPU
		{306211BB-B7EA-4A5E-99CE-EFF1A9528643}.Release|Any CPU.ActiveCfg = Release|Any CPU
		{306211BB-B7EA-4A5E-99CE-EFF1A9528643}.Release|Any CPU.Build.0 = Release|Any CPU
	EndGlobalSection
	GlobalSection(SolutionProperties) = preSolution
		HideSolutionNode = FALSE
	EndGlobalSection
	GlobalSection(ExtensibilityGlobals) = postSolution
		SolutionGuid = {C42925F3-2CDB-4177-8A9C-5F3D54880D84}
	EndGlobalSection
EndGlobal
