
Microsoft Visual Studio Solution File, Format Version 12.00
# Visual Studio Version 17
VisualStudioVersion = 17.3.32811.315
MinimumVisualStudioVersion = 10.0.40219.1
Project("{FAE04EC0-301F-11D3-BF4B-00C04F79EFBC}") = "C5_1_2_3", "Chapter5_LINQ\C5_1_2_3\C5_1_2_3.csproj", "{CDBDA9CF-B921-431D-AC18-55907BE29F26}"
EndProject
Project("{FAE04EC0-301F-11D3-BF4B-00C04F79EFBC}") = "C5_4", "Chapter5_LINQ\C5_4\C5_4.csproj", "{9C7C0CE9-784A-4881-8000-8AFB2369C5D4}"
EndProject
Project("{FAE04EC0-301F-11D3-BF4B-00C04F79EFBC}") = "C5_5", "Chapter5_LINQ\C5_5\C5_5.csproj", "{4A75F892-6A0C-4B81-91E1-C4A9FBC03BF3}"
EndProject
Global
	GlobalSection(SolutionConfigurationPlatforms) = preSolution
		Debug|Any CPU = Debug|Any CPU
		Release|Any CPU = Release|Any CPU
	EndGlobalSection
	GlobalSection(ProjectConfigurationPlatforms) = postSolution
		{CDBDA9CF-B921-431D-AC18-55907BE29F26}.Debug|Any CPU.ActiveCfg = Debug|Any CPU
		{CDBDA9CF-B921-431D-AC18-55907BE29F26}.Debug|Any CPU.Build.0 = Debug|Any CPU
		{CDBDA9CF-B921-431D-AC18-55907BE29F26}.Release|Any CPU.ActiveCfg = Release|Any CPU
		{CDBDA9CF-B921-431D-AC18-55907BE29F26}.Release|Any CPU.Build.0 = Release|Any CPU
		{9C7C0CE9-784A-4881-8000-8AFB2369C5D4}.Debug|Any CPU.ActiveCfg = Debug|Any CPU
		{9C7C0CE9-784A-4881-8000-8AFB2369C5D4}.Debug|Any CPU.Build.0 = Debug|Any CPU
		{9C7C0CE9-784A-4881-8000-8AFB2369C5D4}.Release|Any CPU.ActiveCfg = Release|Any CPU
		{9C7C0CE9-784A-4881-8000-8AFB2369C5D4}.Release|Any CPU.Build.0 = Release|Any CPU
		{4A75F892-6A0C-4B81-91E1-C4A9FBC03BF3}.Debug|Any CPU.ActiveCfg = Debug|Any CPU
		{4A75F892-6A0C-4B81-91E1-C4A9FBC03BF3}.Debug|Any CPU.Build.0 = Debug|Any CPU
		{4A75F892-6A0C-4B81-91E1-C4A9FBC03BF3}.Release|Any CPU.ActiveCfg = Release|Any CPU
		{4A75F892-6A0C-4B81-91E1-C4A9FBC03BF3}.Release|Any CPU.Build.0 = Release|Any CPU
	EndGlobalSection
	GlobalSection(SolutionProperties) = preSolution
		HideSolutionNode = FALSE
	EndGlobalSection
	GlobalSection(ExtensibilityGlobals) = postSolution
		SolutionGuid = {490D3FC0-1C08-4775-A4F5-CC2011F59C8F}
	EndGlobalSection
EndGlobal
