
Microsoft Visual Studio Solution File, Format Version 12.00
# Visual Studio Version 16
VisualStudioVersion = 16.0.29728.190
MinimumVisualStudioVersion = 10.0.40219.1
Project("{FAE04EC0-301F-11D3-BF4B-00C04F79EFBC}") = "CoreWebApiServices", "CoreWebApiServices\CoreWebApiServices.csproj", "{A8E2E15F-FF57-4669-A7A9-92BD87C63DB7}"
EndProject
Global
	GlobalSection(SolutionConfigurationPlatforms) = preSolution
		Debug|Any CPU = Debug|Any CPU
		Release|Any CPU = Release|Any CPU
	EndGlobalSection
	GlobalSection(ProjectConfigurationPlatforms) = postSolution
		{A8E2E15F-FF57-4669-A7A9-92BD87C63DB7}.Debug|Any CPU.ActiveCfg = Debug|Any CPU
		{A8E2E15F-FF57-4669-A7A9-92BD87C63DB7}.Debug|Any CPU.Build.0 = Debug|Any CPU
		{A8E2E15F-FF57-4669-A7A9-92BD87C63DB7}.Release|Any CPU.ActiveCfg = Release|Any CPU
		{A8E2E15F-FF57-4669-A7A9-92BD87C63DB7}.Release|Any CPU.Build.0 = Release|Any CPU
	EndGlobalSection
	GlobalSection(SolutionProperties) = preSolution
		HideSolutionNode = FALSE
	EndGlobalSection
	GlobalSection(ExtensibilityGlobals) = postSolution
		SolutionGuid = {4F746232-1712-4189-80D5-297D20E973C8}
	EndGlobalSection
EndGlobal
