
Microsoft Visual Studio Solution File, Format Version 12.00
# Visual Studio Version 16
VisualStudioVersion = 16.0.29409.12
MinimumVisualStudioVersion = 10.0.40219.1
Project("{FAE04EC0-301F-11D3-BF4B-00C04F79EFBC}") = "CoreMvc3_Pillars", "CoreMvc3_Pillars\CoreMvc3_Pillars.csproj", "{69010253-2E36-4A6C-A8CF-81914CB92B6C}"
EndProject
Global
	GlobalSection(SolutionConfigurationPlatforms) = preSolution
		Debug|Any CPU = Debug|Any CPU
		Release|Any CPU = Release|Any CPU
	EndGlobalSection
	GlobalSection(ProjectConfigurationPlatforms) = postSolution
		{69010253-2E36-4A6C-A8CF-81914CB92B6C}.Debug|Any CPU.ActiveCfg = Debug|Any CPU
		{69010253-2E36-4A6C-A8CF-81914CB92B6C}.Debug|Any CPU.Build.0 = Debug|Any CPU
		{69010253-2E36-4A6C-A8CF-81914CB92B6C}.Release|Any CPU.ActiveCfg = Release|Any CPU
		{69010253-2E36-4A6C-A8CF-81914CB92B6C}.Release|Any CPU.Build.0 = Release|Any CPU
	EndGlobalSection
	GlobalSection(SolutionProperties) = preSolution
		HideSolutionNode = FALSE
	EndGlobalSection
	GlobalSection(ExtensibilityGlobals) = postSolution
		SolutionGuid = {56C680DD-432A-4700-A618-B480B0FD9373}
	EndGlobalSection
EndGlobal
